<?xml version="1.0" encoding="UTF-8" standalone="yes" ?>
<CodeBlocks_project_file>
	<FileVersion major="1" minor="6" />
	<Project>
		<Option title="jkt2010_CodeBlocks" />
		<Option pch_mode="2" />
		<Option compiler="gcc" />
		<Build>
			<Target title="Debug">
				<Option output="bin\Debug\jkt2010" prefix_auto="1" extension_auto="1" />
				<Option object_output="obj\Debug\" />
				<Option type="1" />
				<Option compiler="gcc" />
				<Compiler>
					<Add option="-g" />
				</Compiler>
			</Target>
			<Target title="Release">
				<Option output="bin\Release\jkt2010" prefix_auto="1" extension_auto="1" />
				<Option object_output="obj\Release\" />
				<Option type="1" />
				<Option compiler="gcc" />
				<Compiler>
					<Add option="-O2" />
				</Compiler>
				<Linker>
					<Add option="-s" />
				</Linker>
			</Target>
		</Build>
		<Compiler>
			<Add option="-Wall" />
			<Add option="-fexceptions" />
			<Add option="-DWIN32" />
			<Add directory="Libs\SDL-1.2.14-MinGW\include\SDL" />
			<Add directory="Libs\agar-1.3.4-recompile\include" />
			<Add directory="Libs\fmodapi375win\api\inc" />
			<Add directory="Libs\freetype-2.3.5-1-bin\include" />
			<Add directory="Libs\Pre-built.2\include" />
			<Add directory="Libs\SDL_image-1.2.10\include" />
			<Add directory="Libs\SDL_net-1.2.7\include" />
			<Add directory="Libs\glFont" />
			<Add directory="Libs\glext" />
			<Add directory="Libs\tinyxml_2_5_2" />
			<Add directory="." />
			<Add directory="src" />
		</Compiler>
		<Linker>
			<Add library="mingw32" />
			<Add library="ag_gui_static" />
			<Add library="ag_core_static" />
			<Add library="winmm" />
			<Add library="freetype" />
			<Add library="SDLmain" />
			<Add library="SDL" />
			<Add library="SDL.dll" />
			<Add library="opengl32" />
			<Add library="glu32" />
			<Add library="SDL_net" />
			<Add library="SDL_image" />
			<Add library="fmodvc" />
			<Add library="pthreadGC2" />
			<Add library="mingwex" />
			<Add directory="Libs\SDL-1.2.14-MinGW\lib" />
			<Add directory="Libs\agar-1.3.4-recompile\lib" />
			<Add directory="Libs\freetype-2.3.5-1-bin\lib" />
			<Add directory="Libs\fmodapi375win\api\lib" />
			<Add directory="Libs\Pre-built.2\lib" />
			<Add directory="Libs\SDL_image-1.2.10\lib" />
			<Add directory="Libs\SDL_net-1.2.7\lib" />
		</Linker>
		<Unit filename="Libs\tinyxml_2_5_2\tinystr.cpp" />
		<Unit filename="Libs\tinyxml_2_5_2\tinyxml.cpp" />
		<Unit filename="Libs\tinyxml_2_5_2\tinyxmlerror.cpp" />
		<Unit filename="Libs\tinyxml_2_5_2\tinyxmlparser.cpp" />
		<Unit filename="Menu\Dlg.cpp" />
		<Unit filename="Menu\Dlg.h" />
		<Unit filename="Menu\DlgBoite.cpp" />
		<Unit filename="Menu\DlgBoite.h" />
		<Unit filename="Menu\MAide.cpp" />
		<Unit filename="Menu\MAide.h" />
		<Unit filename="Menu\MAudio.cpp" />
		<Unit filename="Menu\MAudio.h" />
		<Unit filename="Menu\MAudioDrivers.cpp" />
		<Unit filename="Menu\MAudioDrivers.h" />
		<Unit filename="Menu\MAudioDriversDriver.cpp" />
		<Unit filename="Menu\MAudioDriversDriver.h" />
		<Unit filename="Menu\MAudioOutput.cpp" />
		<Unit filename="Menu\MAudioOutput.h" />
		<Unit filename="Menu\MAudioRecord.cpp" />
		<Unit filename="Menu\MAudioRecord.h" />
		<Unit filename="Menu\MCommandes.cpp" />
		<Unit filename="Menu\MCommandes.h" />
		<Unit filename="Menu\MConfiguration.cpp" />
		<Unit filename="Menu\MConfiguration.h" />
		<Unit filename="Menu\MDebug.cpp" />
		<Unit filename="Menu\MDebug.h" />
		<Unit filename="Menu\MDisplay.cpp" />
		<Unit filename="Menu\MDisplay.h" />
		<Unit filename="Menu\MDisplaySize.cpp" />
		<Unit filename="Menu\MDisplaySize.h" />
		<Unit filename="Menu\MMenuPrinc.cpp" />
		<Unit filename="Menu\MMenuPrinc.h" />
		<Unit filename="Menu\MMenuPrinc2.cpp" />
		<Unit filename="Menu\MMenuPrinc2.h" />
		<Unit filename="Menu\MMode.cpp" />
		<Unit filename="Menu\MMode.h" />
		<Unit filename="Menu\MMultijoueur.cpp" />
		<Unit filename="Menu\MMultijoueur.h" />
		<Unit filename="Menu\MMultijoueurClientInfo.cpp" />
		<Unit filename="Menu\MMultijoueurClientInfo.h" />
		<Unit filename="Menu\MMultijoueurClientPing.cpp" />
		<Unit filename="Menu\MMultijoueurClientPing.h" />
		<Unit filename="Menu\MMultijoueurServeur.cpp" />
		<Unit filename="Menu\MMultijoueurServeur.h" />
		<Unit filename="Menu\MMultijoueurServeurLancePartie.cpp" />
		<Unit filename="Menu\MMultijoueurServeurLancePartie.h" />
		<Unit filename="Menu\MOpenASE.cpp" />
		<Unit filename="Menu\MOpenASE.h" />
		<Unit filename="Menu\MOpenMAP.cpp" />
		<Unit filename="Menu\MOpenMAP.h" />
		<Unit filename="Menu\MOpenScene.cpp" />
		<Unit filename="Menu\MOpenScene.h" />
		<Unit filename="Menu\MReseau.cpp" />
		<Unit filename="Menu\MReseau.h" />
		<Unit filename="Menu\Menu.cpp" />
		<Unit filename="Menu\Menu.h" />
		<Unit filename="Menu\Portail.cpp" />
		<Unit filename="Menu\Portail.h" />
		<Unit filename="src\DeleteWithGame.cpp" />
		<Unit filename="src\DeleteWithGame.h" />
		<Unit filename="src\centralisateur\Centralisateur.cpp" />
		<Unit filename="src\centralisateur\Centralisateur.h" />
		<Unit filename="src\centralisateur\CentralisateurState.cpp" />
		<Unit filename="src\centralisateur\CentralisateurState.h" />
		<Unit filename="src\centralisateur\UdpConnector.cpp" />
		<Unit filename="src\centralisateur\UdpConnector.h" />
		<Unit filename="src\centralisateur\UdpController.cpp" />
		<Unit filename="src\centralisateur\UdpController.h" />
		<Unit filename="src\centralisateur\data\Data.cpp" />
		<Unit filename="src\centralisateur\data\Data.h" />
		<Unit filename="src\centralisateur\data\ListData.cpp" />
		<Unit filename="src\centralisateur\data\ListData.h" />
		<Unit filename="src\centralisateur\data\SignalementData.cpp" />
		<Unit filename="src\centralisateur\data\SignalementData.h" />
		<Unit filename="src\exception\JktException.cpp" />
		<Unit filename="src\exception\JktException.h" />
		<Unit filename="src\exception\centralisateur\BindingUdpException.cpp" />
		<Unit filename="src\exception\centralisateur\BindingUdpException.h" />
		<Unit filename="src\exception\centralisateur\CentralisateurException.cpp" />
		<Unit filename="src\exception\centralisateur\CentralisateurException.h" />
		<Unit filename="src\exception\centralisateur\OpenUdpSocketException.cpp" />
		<Unit filename="src\exception\centralisateur\OpenUdpSocketException.h" />
		<Unit filename="src\ifstreamWork.cpp" />
		<Unit filename="src\ifstreamWork.h" />
		<Unit filename="src\main\Cfg.cpp" />
		<Unit filename="src\main\Cfg.h" />
		<Unit filename="src\main\Clavier.cpp" />
		<Unit filename="src\main\Clavier.h" />
		<Unit filename="src\main\Extensions.h" />
		<Unit filename="src\main\Fabrique.cpp" />
		<Unit filename="src\main\Fabrique.h" />
		<Unit filename="src\main\Focus.cpp" />
		<Unit filename="src\main\Focus.h" />
		<Unit filename="src\main\Game.cpp" />
		<Unit filename="src\main\Game.h" />
		<Unit filename="src\main\JKT.cpp" />
		<Unit filename="src\main\JKT.h" />
		<Unit filename="src\main\Laser.cpp" />
		<Unit filename="src\main\Laser.h" />
		<Unit filename="src\main\Photo.cpp" />
		<Unit filename="src\main\Photo.h" />
		<Unit filename="src\main\Player.cpp" />
		<Unit filename="src\main\Player.h" />
		<Unit filename="src\main\Projectil.cpp" />
		<Unit filename="src\main\Projectil.h" />
		<Unit filename="src\main\RequeteProcess.cpp" />
		<Unit filename="src\main\RequeteProcess.h" />
		<Unit filename="src\main\Rocket.cpp" />
		<Unit filename="src\main\Rocket.h" />
		<Unit filename="src\main\divers.cpp" />
		<Unit filename="src\main\divers.h" />
		<Unit filename="src\main\glfont2.cpp" />
		<Unit filename="src\main\glfont2.h" />
		<Unit filename="src\main\resource.h" />
		<Unit filename="src\menu\Controller.cpp" />
		<Unit filename="src\menu\Controller.h" />
		<Unit filename="src\menu\MainMenuView.cpp" />
		<Unit filename="src\menu\MainMenuView.h" />
		<Unit filename="src\menu\OpenCentralisateurView.cpp" />
		<Unit filename="src\menu\OpenCentralisateurView.h" />
		<Unit filename="src\menu\OpenSceneASEView.cpp" />
		<Unit filename="src\menu\OpenSceneASEView.h" />
		<Unit filename="src\menu\OpenSceneMapView.cpp" />
		<Unit filename="src\menu\OpenSceneMapView.h" />
		<Unit filename="src\menu\OpenSceneView.cpp" />
		<Unit filename="src\menu\OpenSceneView.h" />
		<Unit filename="src\menu\View.cpp" />
		<Unit filename="src\menu\View.h" />
		<Unit filename="src\menu\Viewer.cpp" />
		<Unit filename="src\menu\Viewer.h" />
		<Unit filename="src\reseau\Client.cpp" />
		<Unit filename="src\reseau\Client.h" />
		<Unit filename="src\reseau\Reseau.cpp" />
		<Unit filename="src\reseau\Reseau.h" />
		<Unit filename="src\reseau\SPA.cpp" />
		<Unit filename="src\reseau\SPA.h" />
		<Unit filename="src\reseau\Server.cpp" />
		<Unit filename="src\reseau\Server.h" />
		<Unit filename="src\reseau\a_virer.cpp" />
		<Unit filename="src\reseau\enumReseau.h" />
		<Unit filename="src\ressource\RessourcesLoader.cpp" />
		<Unit filename="src\ressource\RessourcesLoader.h" />
		<Unit filename="src\son\DemonSons.cpp" />
		<Unit filename="src\son\DemonSons.h" />
		<Unit filename="src\son\ReqSon.cpp" />
		<Unit filename="src\son\ReqSon.h" />
		<Unit filename="src\son\Son.cpp" />
		<Unit filename="src\son\Son.h" />
		<Unit filename="src\son\audio.cpp" />
		<Unit filename="src\son\audio.h" />
		<Unit filename="src\spatial\Couleurs.h" />
		<Unit filename="src\spatial\FichierASE.cpp" />
		<Unit filename="src\spatial\FichierASE.h" />
		<Unit filename="src\spatial\IfstreamMap.cpp" />
		<Unit filename="src\spatial\IfstreamMap.h" />
		<Unit filename="src\spatial\Map.cpp" />
		<Unit filename="src\spatial\Map.h" />
		<Unit filename="src\spatial\MoteurParticules.cpp" />
		<Unit filename="src\spatial\MoteurParticules.h" />
		<Unit filename="src\spatial\Mouve.cpp" />
		<Unit filename="src\spatial\Mouve.h" />
		<Unit filename="src\spatial\Particule.cpp" />
		<Unit filename="src\spatial\Particule.h" />
		<Unit filename="src\spatial\XmlVocabulaire.cpp" />
		<Unit filename="src\spatial\XmlVocabulaire.h" />
		<Unit filename="src\spatial\contact.cpp" />
		<Unit filename="src\spatial\contact.h" />
		<Unit filename="src\spatial\geo\ChanTex.cpp" />
		<Unit filename="src\spatial\geo\ChanTex.h" />
		<Unit filename="src\spatial\geo\Geo.cpp" />
		<Unit filename="src\spatial\geo\Geo.h" />
		<Unit filename="src\spatial\geo\GeoMaker.cpp" />
		<Unit filename="src\spatial\geo\GeoMaker.h" />
		<Unit filename="src\spatial\geo\GeoObject.cpp" />
		<Unit filename="src\spatial\geo\GeoObject.h" />
		<Unit filename="src\spatial\geo\MultiMaterialGeo.cpp" />
		<Unit filename="src\spatial\geo\MultiMaterialGeo.h" />
		<Unit filename="src\spatial\geo\SimpleGeo.cpp" />
		<Unit filename="src\spatial\geo\SimpleGeo.h" />
		<Unit filename="src\spatial\geo\SimpleMaterialGeo.cpp" />
		<Unit filename="src\spatial\geo\SimpleMaterialGeo.h" />
		<Unit filename="src\spatial\geo\TexVertexList.cpp" />
		<Unit filename="src\spatial\geo\TexVertexList.h" />
		<Unit filename="src\spatial\geo\TextureMaterialGeo.cpp" />
		<Unit filename="src\spatial\geo\TextureMaterialGeo.h" />
		<Unit filename="src\spatial\light\Light.cpp" />
		<Unit filename="src\spatial\light\Light.h" />
		<Unit filename="src\spatial\light\LightMaker.cpp" />
		<Unit filename="src\spatial\light\LightMaker.h" />
		<Unit filename="src\spatial\light\LightOmni.cpp" />
		<Unit filename="src\spatial\light\LightOmni.h" />
		<Unit filename="src\spatial\light\LightTarget.cpp" />
		<Unit filename="src\spatial\light\LightTarget.h" />
		<Unit filename="src\spatial\materiau\Material.cpp" />
		<Unit filename="src\spatial\materiau\Material.h" />
		<Unit filename="src\spatial\materiau\MaterialMaker.cpp" />
		<Unit filename="src\spatial\materiau\MaterialMaker.h" />
		<Unit filename="src\spatial\materiau\MaterialMulti.cpp" />
		<Unit filename="src\spatial\materiau\MaterialMulti.h" />
		<Unit filename="src\spatial\materiau\MaterialTexture.cpp" />
		<Unit filename="src\spatial\materiau\MaterialTexture.h" />
		<Unit filename="src\spatial\materiau\Textures.cpp" />
		<Unit filename="src\spatial\materiau\Textures.h" />
		<Unit filename="src\spatial\objet\Navette.cpp" />
		<Unit filename="src\spatial\objet\Navette.h" />
		<Unit filename="src\spatial\objet\Porte.cpp" />
		<Unit filename="src\spatial\objet\Porte.h" />
		<Unit filename="src\util\Erreur.cpp" />
		<Unit filename="src\util\Erreur.h" />
		<Unit filename="src\util\FindFolder.cpp" />
		<Unit filename="src\util\FindFolder.h" />
		<Unit filename="src\util\GenRef.cpp" />
		<Unit filename="src\util\GenRef.h" />
		<Unit filename="src\util\Tableau.cpp" />
		<Unit filename="src\util\Tableau.h" />
		<Unit filename="src\util\TableauIndex.cpp" />
		<Unit filename="src\util\TableauIndex.h" />
		<Unit filename="src\util\Trace.cpp" />
		<Unit filename="src\util\Trace.h" />
		<Unit filename="src\util\TraceMethod.cpp" />
		<Unit filename="src\util\TraceMethod.h" />
		<Unit filename="src\util\V3D.cpp" />
		<Unit filename="src\util\V3D.h" />
		<Unit filename="src\util\XmlHelper.cpp" />
		<Unit filename="src\util\XmlHelper.h" />
		<Unit filename="src\util\mathFast.cpp" />
		<Unit filename="src\util\mathFast.h" />
		<Unit filename="src\util\math_vectoriel.cpp" />
		<Unit filename="src\util\math_vectoriel.h" />
		<Unit filename="src\util\utils_SDL.cpp" />
		<Unit filename="src\util\utils_SDL.h" />
		<Extensions>
			<code_completion />
			<debugger />
		</Extensions>
	</Project>
</CodeBlocks_project_file>
