<?xml version="1.0" encoding="utf-8"?>
<Project ToolsVersion="4.0" xmlns="http://schemas.microsoft.com/developer/msbuild/2003">
  <ItemGroup>
    <Filter Include="Centralisateur">
      <UniqueIdentifier>{48ec39c5-7fd4-468d-8c19-ee7ae30dac66}</UniqueIdentifier>
    </Filter>
    <Filter Include="Centralisateur\data">
      <UniqueIdentifier>{ac27088d-3fed-458d-b09a-7e48798f9826}</UniqueIdentifier>
    </Filter>
    <Filter Include="Exceptions">
      <UniqueIdentifier>{231cbd14-4535-4398-85c6-3e8012cf68cc}</UniqueIdentifier>
    </Filter>
    <Filter Include="Exceptions\Centralisateur">
      <UniqueIdentifier>{c5855899-b93e-4fe1-863c-a2a8a096b5b1}</UniqueIdentifier>
    </Filter>
    <Filter Include="JKT">
      <UniqueIdentifier>{0e441229-9a4c-4c02-b456-684c85558414}</UniqueIdentifier>
    </Filter>
    <Filter Include="Libs">
      <UniqueIdentifier>{cb017297-69c0-45ed-b571-f5012b6daf46}</UniqueIdentifier>
    </Filter>
    <Filter Include="Libs\TinyXml">
      <UniqueIdentifier>{a06b4f1b-63b2-4cb4-b070-60cbfae50f6f}</UniqueIdentifier>
    </Filter>
    <Filter Include="Menu">
      <UniqueIdentifier>{666be38d-b57e-47e9-a744-c1d2cb8ae15e}</UniqueIdentifier>
    </Filter>
    <Filter Include="MenuAgar">
      <UniqueIdentifier>{e13524f7-9c0b-4953-9644-d0b2355b9ceb}</UniqueIdentifier>
    </Filter>
    <Filter Include="Menu\MenuPrinc">
      <UniqueIdentifier>{4908d7c7-84c5-4809-a456-5403671e588d}</UniqueIdentifier>
    </Filter>
    <Filter Include="Menu\MenuPrinc\Aide">
      <UniqueIdentifier>{4ccf569e-fb46-4f63-b3f7-2c22035e95a2}</UniqueIdentifier>
    </Filter>
    <Filter Include="Menu\MenuPrinc\Configuration">
      <UniqueIdentifier>{17113d9b-a636-4f23-bc8e-54885769cc5f}</UniqueIdentifier>
    </Filter>
    <Filter Include="Menu\MenuPrinc\Configuration\Audio">
      <UniqueIdentifier>{781c0917-2388-4419-8280-c4109bb8e58b}</UniqueIdentifier>
    </Filter>
    <Filter Include="Menu\MenuPrinc\Configuration\Audio\Drivers">
      <UniqueIdentifier>{f14f304f-25dc-48d5-8eee-d08ef2a7a2cd}</UniqueIdentifier>
    </Filter>
    <Filter Include="Menu\MenuPrinc\Configuration\Audio\DriversDriver">
      <UniqueIdentifier>{1e76ff50-bf99-4bd9-8fc8-39f1fbf709ff}</UniqueIdentifier>
    </Filter>
    <Filter Include="Menu\MenuPrinc\Configuration\Audio\Output">
      <UniqueIdentifier>{56845e65-e0c7-4229-87ca-4719e815329f}</UniqueIdentifier>
    </Filter>
    <Filter Include="Menu\MenuPrinc\Configuration\Audio\Record">
      <UniqueIdentifier>{4c8ff7e0-f777-4e62-b5c8-84a82bbbff22}</UniqueIdentifier>
    </Filter>
    <Filter Include="Menu\MenuPrinc\Configuration\Commandes">
      <UniqueIdentifier>{72954a75-d130-459f-8956-d0ba2d33ac9c}</UniqueIdentifier>
    </Filter>
    <Filter Include="Menu\MenuPrinc\Configuration\Debug">
      <UniqueIdentifier>{130427e0-eb94-4173-8a00-484810a94c83}</UniqueIdentifier>
    </Filter>
    <Filter Include="Menu\MenuPrinc\Configuration\Reseau">
      <UniqueIdentifier>{d31a443d-4aeb-4b9b-9162-5faf983c19a9}</UniqueIdentifier>
    </Filter>
    <Filter Include="Menu\MenuPrinc\Configuration\Video">
      <UniqueIdentifier>{1dce1713-7a79-4944-8701-d342d42d02de}</UniqueIdentifier>
    </Filter>
    <Filter Include="Menu\MenuPrinc\Configuration\Video\Display">
      <UniqueIdentifier>{6cf166c6-6f3f-4822-a7d8-772dd5bd221e}</UniqueIdentifier>
    </Filter>
    <Filter Include="Menu\MenuPrinc\Multijoueur">
      <UniqueIdentifier>{619f8333-3410-440e-bee1-5579f37b49a7}</UniqueIdentifier>
    </Filter>
    <Filter Include="Menu\MenuPrinc\Multijoueur\Client">
      <UniqueIdentifier>{7fdb15cd-c429-443a-8830-b3e9b5def9a5}</UniqueIdentifier>
    </Filter>
    <Filter Include="Menu\MenuPrinc\Multijoueur\Serveur">
      <UniqueIdentifier>{db564868-0171-4f9c-ad03-df194b47e9d6}</UniqueIdentifier>
    </Filter>
    <Filter Include="Menu\MenuPrinc\Multijoueur\Serveur\LancePartie">
      <UniqueIdentifier>{2aa1d51e-e5a3-42e7-8c89-09e417ed8ad1}</UniqueIdentifier>
    </Filter>
    <Filter Include="Menu\MenuPrinc\OpenScene">
      <UniqueIdentifier>{17e8d04e-afd5-4ed6-ae0f-8b5c17312880}</UniqueIdentifier>
    </Filter>
    <Filter Include="Menu\MenuPrinc\OpenScene\OpenASE">
      <UniqueIdentifier>{c665ece8-13a8-466d-8a5f-840586cc23f7}</UniqueIdentifier>
    </Filter>
    <Filter Include="Menu\MenuPrinc\OpenScene\OpenMAP">
      <UniqueIdentifier>{5c85812a-9326-49a3-8580-69fd0c6ae732}</UniqueIdentifier>
    </Filter>
    <Filter Include="Menu\Mode">
      <UniqueIdentifier>{97091697-0cae-4933-ab7a-32b1ecff9289}</UniqueIdentifier>
    </Filter>
    <Filter Include="Moteur3D">
      <UniqueIdentifier>{0b65d3d4-7727-4732-b6c9-a6d42ddae3d0}</UniqueIdentifier>
    </Filter>
    <Filter Include="Moteur3D\Geo">
      <UniqueIdentifier>{0ae29278-96a6-4273-bd30-6acce112ccc9}</UniqueIdentifier>
    </Filter>
    <Filter Include="Moteur3D\Light">
      <UniqueIdentifier>{1879303a-42e0-4327-86bb-24f4eb25ec98}</UniqueIdentifier>
    </Filter>
    <Filter Include="Moteur3D\Materiau">
      <UniqueIdentifier>{f80583f0-816b-4fa6-9853-165b01a72ca7}</UniqueIdentifier>
    </Filter>
    <Filter Include="Moteur3D\Objets">
      <UniqueIdentifier>{c3eb2df7-8d8c-47ae-ae51-ff79ce8c3776}</UniqueIdentifier>
    </Filter>
    <Filter Include="Outils">
      <UniqueIdentifier>{ba7a0f31-bfb0-44dd-b344-7bb0164f65b1}</UniqueIdentifier>
    </Filter>
    <Filter Include="Ressources">
      <UniqueIdentifier>{ad04607c-cdc9-4bb4-830e-0331ad3223a1}</UniqueIdentifier>
    </Filter>
    <Filter Include="Son">
      <UniqueIdentifier>{0dc282b7-5ac4-4ad1-afd2-544867a37c9b}</UniqueIdentifier>
    </Filter>
  </ItemGroup>
  <ItemGroup>
    <ClCompile Include="audio.cpp">
      <Filter>Son</Filter>
    </ClCompile>
    <ClCompile Include="a_virer.cpp">
      <Filter>Menu\MenuPrinc\Configuration\Reseau</Filter>
    </ClCompile>
    <ClCompile Include="BindingUdpException.cpp">
      <Filter>Exceptions\Centralisateur</Filter>
    </ClCompile>
    <ClCompile Include="Centralisateur.cpp">
      <Filter>Centralisateur</Filter>
    </ClCompile>
    <ClCompile Include="CentralisateurException.cpp">
      <Filter>Exceptions\Centralisateur</Filter>
    </ClCompile>
    <ClCompile Include="CentralisateurState.cpp">
      <Filter>Centralisateur</Filter>
    </ClCompile>
    <ClCompile Include="Cfg.cpp">
      <Filter>JKT</Filter>
    </ClCompile>
    <ClCompile Include="ChanTex.cpp">
      <Filter>Moteur3D\Geo</Filter>
    </ClCompile>
    <ClCompile Include="Clavier.cpp">
      <Filter>JKT</Filter>
    </ClCompile>
    <ClCompile Include="Client.cpp">
      <Filter>Menu\MenuPrinc\Configuration\Reseau</Filter>
    </ClCompile>
    <ClCompile Include="contact.cpp">
      <Filter>Moteur3D</Filter>
    </ClCompile>
    <ClCompile Include="Controller.cpp">
      <Filter>MenuAgar</Filter>
    </ClCompile>
    <ClCompile Include="Data.cpp">
      <Filter>Centralisateur\data</Filter>
    </ClCompile>
    <ClCompile Include="DemonSons.cpp">
      <Filter>Son</Filter>
    </ClCompile>
    <ClCompile Include="divers.cpp">
      <Filter>JKT</Filter>
    </ClCompile>
    <ClCompile Include="Dlg.cpp">
      <Filter>Menu</Filter>
    </ClCompile>
    <ClCompile Include="DlgBoite.cpp">
      <Filter>Menu</Filter>
    </ClCompile>
    <ClCompile Include="Erreur.cpp">
      <Filter>Outils</Filter>
    </ClCompile>
    <ClCompile Include="Fabrique.cpp">
      <Filter>JKT</Filter>
    </ClCompile>
    <ClCompile Include="FichierASE.cpp">
      <Filter>Moteur3D</Filter>
    </ClCompile>
    <ClCompile Include="FindFolder.cpp">
      <Filter>Outils</Filter>
    </ClCompile>
    <ClCompile Include="Focus.cpp">
      <Filter>Menu</Filter>
    </ClCompile>
    <ClCompile Include="Game.cpp">
      <Filter>JKT</Filter>
    </ClCompile>
    <ClCompile Include="GenRef.cpp">
      <Filter>Outils</Filter>
    </ClCompile>
    <ClCompile Include="Geo.cpp">
      <Filter>Moteur3D\Geo</Filter>
    </ClCompile>
    <ClCompile Include="GeoMaker.cpp">
      <Filter>Moteur3D\Geo</Filter>
    </ClCompile>
    <ClCompile Include="GeoObject.cpp">
      <Filter>Moteur3D\Geo</Filter>
    </ClCompile>
    <ClCompile Include="IfstreamMap.cpp">
      <Filter>Moteur3D</Filter>
    </ClCompile>
    <ClCompile Include="JKT.cpp">
      <Filter>JKT</Filter>
    </ClCompile>
    <ClCompile Include="JktException.cpp">
      <Filter>Exceptions</Filter>
    </ClCompile>
    <ClCompile Include="Laser.cpp">
      <Filter>JKT</Filter>
    </ClCompile>
    <ClCompile Include="Libs\glFont\glfont2.cpp">
      <Filter>Menu</Filter>
    </ClCompile>
    <ClCompile Include="Libs\tinyxml_2_5_2\tinystr.cpp">
      <Filter>Libs\TinyXml</Filter>
    </ClCompile>
    <ClCompile Include="Libs\tinyxml_2_5_2\tinyxml.cpp">
      <Filter>Libs\TinyXml</Filter>
    </ClCompile>
    <ClCompile Include="Libs\tinyxml_2_5_2\tinyxmlerror.cpp">
      <Filter>Libs\TinyXml</Filter>
    </ClCompile>
    <ClCompile Include="Libs\tinyxml_2_5_2\tinyxmlparser.cpp">
      <Filter>Libs\TinyXml</Filter>
    </ClCompile>
    <ClCompile Include="Light.cpp">
      <Filter>Moteur3D\Light</Filter>
    </ClCompile>
    <ClCompile Include="LightMaker.cpp">
      <Filter>Moteur3D\Light</Filter>
    </ClCompile>
    <ClCompile Include="LightOmni.cpp">
      <Filter>Moteur3D\Light</Filter>
    </ClCompile>
    <ClCompile Include="LightTarget.cpp">
      <Filter>Moteur3D\Light</Filter>
    </ClCompile>
    <ClCompile Include="ListData.cpp">
      <Filter>Centralisateur\data</Filter>
    </ClCompile>
    <ClCompile Include="MainMenuView.cpp">
      <Filter>MenuAgar</Filter>
    </ClCompile>
    <ClCompile Include="Map.cpp">
      <Filter>Moteur3D</Filter>
    </ClCompile>
    <ClCompile Include="Material.cpp">
      <Filter>Moteur3D\Materiau</Filter>
    </ClCompile>
    <ClCompile Include="MaterialMaker.cpp">
      <Filter>Moteur3D\Materiau</Filter>
    </ClCompile>
    <ClCompile Include="MaterialMulti.cpp">
      <Filter>Moteur3D\Materiau</Filter>
    </ClCompile>
    <ClCompile Include="MaterialTexture.cpp">
      <Filter>Moteur3D\Materiau</Filter>
    </ClCompile>
    <ClCompile Include="mathFast.cpp">
      <Filter>Outils</Filter>
    </ClCompile>
    <ClCompile Include="math_vectoriel.cpp">
      <Filter>Outils</Filter>
    </ClCompile>
    <ClCompile Include="Menu.cpp">
      <Filter>Menu</Filter>
    </ClCompile>
    <ClCompile Include="Menu\MAide.cpp">
      <Filter>Menu\MenuPrinc\Aide</Filter>
    </ClCompile>
    <ClCompile Include="Menu\MAudio.cpp">
      <Filter>Menu\MenuPrinc\Configuration\Audio</Filter>
    </ClCompile>
    <ClCompile Include="Menu\MAudioDrivers.cpp">
      <Filter>Menu\MenuPrinc\Configuration\Audio\Drivers</Filter>
    </ClCompile>
    <ClCompile Include="Menu\MAudioDriversDriver.cpp">
      <Filter>Menu\MenuPrinc\Configuration\Audio\DriversDriver</Filter>
    </ClCompile>
    <ClCompile Include="Menu\MAudioOutput.cpp">
      <Filter>Menu\MenuPrinc\Configuration\Audio\Output</Filter>
    </ClCompile>
    <ClCompile Include="Menu\MAudioRecord.cpp">
      <Filter>Menu\MenuPrinc\Configuration\Audio\Record</Filter>
    </ClCompile>
    <ClCompile Include="Menu\MCommandes.cpp">
      <Filter>Menu\MenuPrinc\Configuration\Commandes</Filter>
    </ClCompile>
    <ClCompile Include="Menu\MConfiguration.cpp">
      <Filter>Menu\MenuPrinc\Configuration</Filter>
    </ClCompile>
    <ClCompile Include="Menu\MDebug.cpp">
      <Filter>Menu\MenuPrinc\Configuration\Debug</Filter>
    </ClCompile>
    <ClCompile Include="Menu\MDisplay.cpp">
      <Filter>Menu\MenuPrinc\Configuration\Video</Filter>
    </ClCompile>
    <ClCompile Include="Menu\MDisplaySize.cpp">
      <Filter>Menu\MenuPrinc\Configuration\Video\Display</Filter>
    </ClCompile>
    <ClCompile Include="Menu\MMenuPrinc.cpp">
      <Filter>Menu\MenuPrinc</Filter>
    </ClCompile>
    <ClCompile Include="Menu\MMenuPrinc2.cpp">
      <Filter>Menu\MenuPrinc</Filter>
    </ClCompile>
    <ClCompile Include="Menu\MMode.cpp">
      <Filter>Menu\Mode</Filter>
    </ClCompile>
    <ClCompile Include="Menu\MMultijoueur.cpp">
      <Filter>Menu\MenuPrinc\Multijoueur</Filter>
    </ClCompile>
    <ClCompile Include="Menu\MMultijoueurClientInfo.cpp">
      <Filter>Menu\MenuPrinc\Multijoueur\Client</Filter>
    </ClCompile>
    <ClCompile Include="Menu\MMultijoueurClientPing.cpp">
      <Filter>Menu\MenuPrinc\Multijoueur\Client</Filter>
    </ClCompile>
    <ClCompile Include="Menu\MMultijoueurServeur.cpp">
      <Filter>Menu\MenuPrinc\Multijoueur\Serveur</Filter>
    </ClCompile>
    <ClCompile Include="Menu\MMultijoueurServeurLancepartie.cpp">
      <Filter>Menu\MenuPrinc\Multijoueur\Serveur\LancePartie</Filter>
    </ClCompile>
    <ClCompile Include="Menu\MOpenASE.cpp">
      <Filter>Menu\MenuPrinc\OpenScene\OpenASE</Filter>
    </ClCompile>
    <ClCompile Include="Menu\MOpenMAP.cpp">
      <Filter>Menu\MenuPrinc\OpenScene\OpenMAP</Filter>
    </ClCompile>
    <ClCompile Include="Menu\MOpenScene.cpp">
      <Filter>Menu\MenuPrinc\OpenScene</Filter>
    </ClCompile>
    <ClCompile Include="Menu\MReseau.cpp">
      <Filter>Menu\MenuPrinc\Configuration\Reseau</Filter>
    </ClCompile>
    <ClCompile Include="MoteurParticules.cpp">
      <Filter>Moteur3D</Filter>
    </ClCompile>
    <ClCompile Include="Mouve.cpp">
      <Filter>Moteur3D</Filter>
    </ClCompile>
    <ClCompile Include="MultiMaterialGeo.cpp">
      <Filter>Moteur3D\Geo</Filter>
    </ClCompile>
    <ClCompile Include="Navette.cpp">
      <Filter>Moteur3D\Objets</Filter>
    </ClCompile>
    <ClCompile Include="OpenCentralisateurView.cpp">
      <Filter>MenuAgar</Filter>
    </ClCompile>
    <ClCompile Include="OpenSceneASEView.cpp">
      <Filter>MenuAgar</Filter>
    </ClCompile>
    <ClCompile Include="OpenSceneMapView.cpp">
      <Filter>MenuAgar</Filter>
    </ClCompile>
    <ClCompile Include="OpenSceneView.cpp">
      <Filter>MenuAgar</Filter>
    </ClCompile>
    <ClCompile Include="OpenUdpSocketException.cpp">
      <Filter>Exceptions\Centralisateur</Filter>
    </ClCompile>
    <ClCompile Include="Particule.cpp">
      <Filter>Moteur3D</Filter>
    </ClCompile>
    <ClCompile Include="Photo.cpp">
      <Filter>JKT</Filter>
    </ClCompile>
    <ClCompile Include="Player.cpp">
      <Filter>JKT</Filter>
    </ClCompile>
    <ClCompile Include="Portail.cpp">
      <Filter>Menu</Filter>
    </ClCompile>
    <ClCompile Include="Porte.cpp">
      <Filter>Moteur3D\Objets</Filter>
    </ClCompile>
    <ClCompile Include="Projectil.cpp">
      <Filter>JKT</Filter>
    </ClCompile>
    <ClCompile Include="ReqSon.cpp">
      <Filter>Son</Filter>
    </ClCompile>
    <ClCompile Include="RequeteProcess.cpp">
      <Filter>JKT</Filter>
    </ClCompile>
    <ClCompile Include="Reseau.cpp">
      <Filter>Menu\MenuPrinc\Configuration\Reseau</Filter>
    </ClCompile>
    <ClCompile Include="RessourcesLoader.cpp">
      <Filter>Ressources</Filter>
    </ClCompile>
    <ClCompile Include="Rocket.cpp">
      <Filter>JKT</Filter>
    </ClCompile>
    <ClCompile Include="Server.cpp">
      <Filter>Menu\MenuPrinc\Configuration\Reseau</Filter>
    </ClCompile>
    <ClCompile Include="SignalementData.cpp">
      <Filter>Centralisateur\data</Filter>
    </ClCompile>
    <ClCompile Include="SimpleGeo.cpp">
      <Filter>Moteur3D\Geo</Filter>
    </ClCompile>
    <ClCompile Include="SimpleMaterialGeo.cpp">
      <Filter>Moteur3D\Geo</Filter>
    </ClCompile>
    <ClCompile Include="Son.cpp">
      <Filter>Son</Filter>
    </ClCompile>
    <ClCompile Include="SPA.cpp">
      <Filter>Menu\MenuPrinc\Configuration\Reseau</Filter>
    </ClCompile>
    <ClCompile Include="Tableau.cpp">
      <Filter>Outils</Filter>
    </ClCompile>
    <ClCompile Include="TableauIndex.cpp">
      <Filter>Outils</Filter>
    </ClCompile>
    <ClCompile Include="TextureMaterialGeo.cpp">
      <Filter>Moteur3D\Geo</Filter>
    </ClCompile>
    <ClCompile Include="Textures.cpp">
      <Filter>Moteur3D\Materiau</Filter>
    </ClCompile>
    <ClCompile Include="TexVertexList.cpp">
      <Filter>Moteur3D\Geo</Filter>
    </ClCompile>
    <ClCompile Include="Trace.cpp">
      <Filter>Outils</Filter>
    </ClCompile>
    <ClCompile Include="TraceMethod.cpp">
      <Filter>Outils</Filter>
    </ClCompile>
    <ClCompile Include="UdpConnector.cpp">
      <Filter>Centralisateur</Filter>
    </ClCompile>
    <ClCompile Include="UdpController.cpp">
      <Filter>Centralisateur</Filter>
    </ClCompile>
    <ClCompile Include="utils_SDL.cpp">
      <Filter>Outils</Filter>
    </ClCompile>
    <ClCompile Include="V3D.cpp">
      <Filter>Outils</Filter>
    </ClCompile>
    <ClCompile Include="View.cpp">
      <Filter>MenuAgar</Filter>
    </ClCompile>
    <ClCompile Include="Viewer.cpp">
      <Filter>MenuAgar</Filter>
    </ClCompile>
    <ClCompile Include="XmlHelper.cpp">
      <Filter>Outils</Filter>
    </ClCompile>
    <ClCompile Include="XmlVocabulaire.cpp">
      <Filter>Moteur3D</Filter>
    </ClCompile>
  </ItemGroup>
  <ItemGroup>
    <ClInclude Include="audio.h">
      <Filter>Son</Filter>
    </ClInclude>
    <ClInclude Include="BindingUdpException.h">
      <Filter>Exceptions\Centralisateur</Filter>
    </ClInclude>
    <ClInclude Include="Centralisateur.h">
      <Filter>Centralisateur</Filter>
    </ClInclude>
    <ClInclude Include="CentralisateurException.h">
      <Filter>Exceptions\Centralisateur</Filter>
    </ClInclude>
    <ClInclude Include="CentralisateurState.h">
      <Filter>Centralisateur</Filter>
    </ClInclude>
    <ClInclude Include="Cfg.h">
      <Filter>JKT</Filter>
    </ClInclude>
    <ClInclude Include="ChanTex.h">
      <Filter>Moteur3D\Geo</Filter>
    </ClInclude>
    <ClInclude Include="Clavier.h">
      <Filter>JKT</Filter>
    </ClInclude>
    <ClInclude Include="Client.h">
      <Filter>Menu\MenuPrinc\Configuration\Reseau</Filter>
    </ClInclude>
    <ClInclude Include="contact.h">
      <Filter>Moteur3D</Filter>
    </ClInclude>
    <ClInclude Include="Controller.h">
      <Filter>MenuAgar</Filter>
    </ClInclude>
    <ClInclude Include="Couleurs.h">
      <Filter>Moteur3D</Filter>
    </ClInclude>
    <ClInclude Include="Data.h">
      <Filter>Centralisateur\data</Filter>
    </ClInclude>
    <ClInclude Include="DemonSons.h">
      <Filter>Son</Filter>
    </ClInclude>
    <ClInclude Include="divers.h">
      <Filter>JKT</Filter>
    </ClInclude>
    <ClInclude Include="Dlg.h">
      <Filter>Menu</Filter>
    </ClInclude>
    <ClInclude Include="DlgBoite.h">
      <Filter>Menu</Filter>
    </ClInclude>
    <ClInclude Include="enumReseau.h">
      <Filter>Menu\MenuPrinc\Configuration\Reseau</Filter>
    </ClInclude>
    <ClInclude Include="Erreur.h">
      <Filter>Outils</Filter>
    </ClInclude>
    <ClInclude Include="Extensions.h">
      <Filter>JKT</Filter>
    </ClInclude>
    <ClInclude Include="Fabrique.h">
      <Filter>JKT</Filter>
    </ClInclude>
    <ClInclude Include="FichierASE.h">
      <Filter>Moteur3D</Filter>
    </ClInclude>
    <ClInclude Include="FindFolder.h">
      <Filter>Outils</Filter>
    </ClInclude>
    <ClInclude Include="Focus.h">
      <Filter>Menu</Filter>
    </ClInclude>
    <ClInclude Include="Game.h">
      <Filter>JKT</Filter>
    </ClInclude>
    <ClInclude Include="GenRef.h">
      <Filter>Outils</Filter>
    </ClInclude>
    <ClInclude Include="Geo.h">
      <Filter>Moteur3D\Geo</Filter>
    </ClInclude>
    <ClInclude Include="GeoMaker.h">
      <Filter>Moteur3D\Geo</Filter>
    </ClInclude>
    <ClInclude Include="GeoObject.h">
      <Filter>Moteur3D\Geo</Filter>
    </ClInclude>
    <ClInclude Include="IfstreamMap.h">
      <Filter>Moteur3D</Filter>
    </ClInclude>
    <ClInclude Include="JKT.h">
      <Filter>JKT</Filter>
    </ClInclude>
    <ClInclude Include="JktException.h">
      <Filter>Exceptions</Filter>
    </ClInclude>
    <ClInclude Include="Laser.h">
      <Filter>JKT</Filter>
    </ClInclude>
    <ClInclude Include="Libs\glFont\glfont2.h">
      <Filter>Menu</Filter>
    </ClInclude>
    <ClInclude Include="Light.h">
      <Filter>Moteur3D\Light</Filter>
    </ClInclude>
    <ClInclude Include="LightMaker.h">
      <Filter>Moteur3D\Light</Filter>
    </ClInclude>
    <ClInclude Include="LightOmni.h">
      <Filter>Moteur3D\Light</Filter>
    </ClInclude>
    <ClInclude Include="LightTarget.h">
      <Filter>Moteur3D\Light</Filter>
    </ClInclude>
    <ClInclude Include="ListData.h">
      <Filter>Centralisateur\data</Filter>
    </ClInclude>
    <ClInclude Include="MainMenuView.h">
      <Filter>MenuAgar</Filter>
    </ClInclude>
    <ClInclude Include="Map.h">
      <Filter>Moteur3D</Filter>
    </ClInclude>
    <ClInclude Include="Material.h">
      <Filter>Moteur3D\Materiau</Filter>
    </ClInclude>
    <ClInclude Include="MaterialMaker.h">
      <Filter>Moteur3D\Materiau</Filter>
    </ClInclude>
    <ClInclude Include="MaterialMulti.h">
      <Filter>Moteur3D\Materiau</Filter>
    </ClInclude>
    <ClInclude Include="MaterialTexture.h">
      <Filter>Moteur3D\Materiau</Filter>
    </ClInclude>
    <ClInclude Include="mathFast.h">
      <Filter>Outils</Filter>
    </ClInclude>
    <ClInclude Include="math_vectoriel.h">
      <Filter>Outils</Filter>
    </ClInclude>
    <ClInclude Include="Menu.h">
      <Filter>Menu</Filter>
    </ClInclude>
    <ClInclude Include="Menu\MAide.h">
      <Filter>Menu\MenuPrinc\Aide</Filter>
    </ClInclude>
    <ClInclude Include="Menu\MAudio.h">
      <Filter>Menu\MenuPrinc\Configuration\Audio</Filter>
    </ClInclude>
    <ClInclude Include="Menu\MAudioDrivers.h">
      <Filter>Menu\MenuPrinc\Configuration\Audio\Drivers</Filter>
    </ClInclude>
    <ClInclude Include="Menu\MAudioDriversDriver.h">
      <Filter>Menu\MenuPrinc\Configuration\Audio\DriversDriver</Filter>
    </ClInclude>
    <ClInclude Include="Menu\MAudioOutput.h">
      <Filter>Menu\MenuPrinc\Configuration\Audio\Output</Filter>
    </ClInclude>
    <ClInclude Include="Menu\MAudioRecord.h">
      <Filter>Menu\MenuPrinc\Configuration\Audio\Record</Filter>
    </ClInclude>
    <ClInclude Include="Menu\MCommandes.h">
      <Filter>Menu\MenuPrinc\Configuration\Commandes</Filter>
    </ClInclude>
    <ClInclude Include="Menu\MConfiguration.h">
      <Filter>Menu\MenuPrinc\Configuration</Filter>
    </ClInclude>
    <ClInclude Include="Menu\MDebug.h">
      <Filter>Menu\MenuPrinc\Configuration\Debug</Filter>
    </ClInclude>
    <ClInclude Include="Menu\MDisplay.h">
      <Filter>Menu\MenuPrinc\Configuration\Video</Filter>
    </ClInclude>
    <ClInclude Include="Menu\MDisplaySize.h">
      <Filter>Menu\MenuPrinc\Configuration\Video\Display</Filter>
    </ClInclude>
    <ClInclude Include="Menu\MMenuPrinc.h">
      <Filter>Menu\MenuPrinc</Filter>
    </ClInclude>
    <ClInclude Include="Menu\MMenuPrinc2.h">
      <Filter>Menu\MenuPrinc</Filter>
    </ClInclude>
    <ClInclude Include="Menu\MMode.h">
      <Filter>Menu\Mode</Filter>
    </ClInclude>
    <ClInclude Include="Menu\MMultijoueur.h">
      <Filter>Menu\MenuPrinc\Multijoueur</Filter>
    </ClInclude>
    <ClInclude Include="Menu\MMultijoueurClientInfo.h">
      <Filter>Menu\MenuPrinc\Multijoueur\Client</Filter>
    </ClInclude>
    <ClInclude Include="Menu\MMultijoueurClientPing.h">
      <Filter>Menu\MenuPrinc\Multijoueur\Client</Filter>
    </ClInclude>
    <ClInclude Include="Menu\MMultijoueurServeur.h">
      <Filter>Menu\MenuPrinc\Multijoueur\Serveur</Filter>
    </ClInclude>
    <ClInclude Include="Menu\MMultijoueurServeurLancepartie.h">
      <Filter>Menu\MenuPrinc\Multijoueur\Serveur\LancePartie</Filter>
    </ClInclude>
    <ClInclude Include="Menu\MOpenASE.h">
      <Filter>Menu\MenuPrinc\OpenScene\OpenASE</Filter>
    </ClInclude>
    <ClInclude Include="Menu\MOpenMAP.h">
      <Filter>Menu\MenuPrinc\OpenScene\OpenMAP</Filter>
    </ClInclude>
    <ClInclude Include="Menu\MOpenScene.h">
      <Filter>Menu\MenuPrinc\OpenScene</Filter>
    </ClInclude>
    <ClInclude Include="Menu\MReseau.h">
      <Filter>Menu\MenuPrinc\Configuration\Reseau</Filter>
    </ClInclude>
    <ClInclude Include="MoteurParticules.h">
      <Filter>Moteur3D</Filter>
    </ClInclude>
    <ClInclude Include="Mouve.h">
      <Filter>Moteur3D</Filter>
    </ClInclude>
    <ClInclude Include="MultiMaterialGeo.h">
      <Filter>Moteur3D\Geo</Filter>
    </ClInclude>
    <ClInclude Include="Navette.h">
      <Filter>Moteur3D\Objets</Filter>
    </ClInclude>
    <ClInclude Include="OpenCentralisateurView.h">
      <Filter>MenuAgar</Filter>
    </ClInclude>
    <ClInclude Include="OpenSceneASEView.h">
      <Filter>MenuAgar</Filter>
    </ClInclude>
    <ClInclude Include="OpenSceneMapView.h">
      <Filter>MenuAgar</Filter>
    </ClInclude>
    <ClInclude Include="OpenSceneView.h">
      <Filter>MenuAgar</Filter>
    </ClInclude>
    <ClInclude Include="OpenUdpSocketException.h">
      <Filter>Exceptions\Centralisateur</Filter>
    </ClInclude>
    <ClInclude Include="Particule.h">
      <Filter>Moteur3D</Filter>
    </ClInclude>
    <ClInclude Include="Photo.h">
      <Filter>JKT</Filter>
    </ClInclude>
    <ClInclude Include="Player.h">
      <Filter>JKT</Filter>
    </ClInclude>
    <ClInclude Include="Portail.h">
      <Filter>Menu</Filter>
    </ClInclude>
    <ClInclude Include="Porte.h">
      <Filter>Moteur3D\Objets</Filter>
    </ClInclude>
    <ClInclude Include="Projectil.h">
      <Filter>JKT</Filter>
    </ClInclude>
    <ClInclude Include="ReqSon.h">
      <Filter>Son</Filter>
    </ClInclude>
    <ClInclude Include="RequeteProcess.h">
      <Filter>JKT</Filter>
    </ClInclude>
    <ClInclude Include="Reseau.h">
      <Filter>Menu\MenuPrinc\Configuration\Reseau</Filter>
    </ClInclude>
    <ClInclude Include="resource.h">
      <Filter>JKT</Filter>
    </ClInclude>
    <ClInclude Include="RessourcesLoader.h">
      <Filter>Ressources</Filter>
    </ClInclude>
    <ClInclude Include="Rocket.h">
      <Filter>JKT</Filter>
    </ClInclude>
    <ClInclude Include="Server.h">
      <Filter>Menu\MenuPrinc\Configuration\Reseau</Filter>
    </ClInclude>
    <ClInclude Include="SignalementData.h">
      <Filter>Centralisateur\data</Filter>
    </ClInclude>
    <ClInclude Include="SimpleGeo.h">
      <Filter>Moteur3D\Geo</Filter>
    </ClInclude>
    <ClInclude Include="SimpleMaterialGeo.h">
      <Filter>Moteur3D\Geo</Filter>
    </ClInclude>
    <ClInclude Include="Son.h">
      <Filter>Son</Filter>
    </ClInclude>
    <ClInclude Include="SPA.h">
      <Filter>Menu\MenuPrinc\Configuration\Reseau</Filter>
    </ClInclude>
    <ClInclude Include="Tableau.h">
      <Filter>Outils</Filter>
    </ClInclude>
    <ClInclude Include="TableauIndex.h">
      <Filter>Outils</Filter>
    </ClInclude>
    <ClInclude Include="TextureMaterialGeo.h">
      <Filter>Moteur3D\Geo</Filter>
    </ClInclude>
    <ClInclude Include="Textures.h">
      <Filter>Moteur3D\Materiau</Filter>
    </ClInclude>
    <ClInclude Include="TexVertexList.h">
      <Filter>Moteur3D\Geo</Filter>
    </ClInclude>
    <ClInclude Include="Trace.h">
      <Filter>Outils</Filter>
    </ClInclude>
    <ClInclude Include="TraceMethod.h">
      <Filter>Outils</Filter>
    </ClInclude>
    <ClInclude Include="UdpConnector.h">
      <Filter>Centralisateur</Filter>
    </ClInclude>
    <ClInclude Include="UdpController.h">
      <Filter>Centralisateur</Filter>
    </ClInclude>
    <ClInclude Include="utils_SDL.h">
      <Filter>Outils</Filter>
    </ClInclude>
    <ClInclude Include="V3D.h">
      <Filter>Outils</Filter>
    </ClInclude>
    <ClInclude Include="View.h">
      <Filter>MenuAgar</Filter>
    </ClInclude>
    <ClInclude Include="Viewer.h">
      <Filter>MenuAgar</Filter>
    </ClInclude>
    <ClInclude Include="XmlHelper.h">
      <Filter>Outils</Filter>
    </ClInclude>
    <ClInclude Include="XmlVocabulaire.h">
      <Filter>Moteur3D</Filter>
    </ClInclude>
  </ItemGroup>
  <ItemGroup>
    <None Include="A faire.Txt" />
    <None Include="Bestiaire.txt" />
  </ItemGroup>
</Project>