<?xml version="1.0" encoding="UTF-8" standalone="yes" ?>
<CodeBlocks_project_file>
	<FileVersion major="1" minor="6" />
	<Project>
		<Option title="jkt2010" />
		<Option pch_mode="2" />
		<Option compiler="gcc" />
		<Build>
			<Target title="Debug">
				<Option output="bin\Debug\jkt2010" prefix_auto="1" extension_auto="1" />
				<Option object_output="obj\Debug\" />
				<Option type="1" />
				<Option compiler="gcc" />
				<Compiler>
					<Add option="-g" />
				</Compiler>
			</Target>
			<Target title="Release">
				<Option output="bin\Release\jkt2010" prefix_auto="1" extension_auto="1" />
				<Option object_output="obj\Release\" />
				<Option type="1" />
				<Option compiler="gcc" />
				<Compiler>
					<Add option="-O2" />
				</Compiler>
				<Linker>
					<Add option="-s" />
				</Linker>
			</Target>
		</Build>
		<Compiler>
			<Add option="-Wall" />
			<Add option="-fexceptions" />
			<Add option="-DWIN32" />
			<Add directory="Libs\SDL-1.2.14-MinGW\include\SDL" />
			<Add directory="Libs\agar-1.3.3-mingw32-i386\include\agar" />
			<Add directory="Libs\fmodapi375win\api\inc" />
			<Add directory="Libs\FreeType\include" />
			<Add directory="Libs\Pre-built.2\include" />
			<Add directory="Libs\SDL_image-1.2.10\include" />
			<Add directory="Libs\SDL_net-1.2.7\include" />
			<Add directory="Libs\glFont" />
			<Add directory="Libs\glext" />
			<Add directory="Libs\tinyxml_2_5_2" />
			<Add directory="D:\jkt_repo_2008\moteur\" />
		</Compiler>
		<Linker>
			<Add library="ag_core" />
			<Add library="ag_gui" />
			<Add library="mingw32" />
			<Add library="SDLmain" />
			<Add library="SDL" />
			<Add library="SDL.dll" />
			<Add library="opengl32" />
			<Add library="glu32" />
			<Add library="SDL_net" />
			<Add library="SDL_image" />
			<Add library="user32" />
			<Add library="gdi32" />
			<Add library="dxguid" />
			<Add library="fmodvc" />
			<Add library="winmm" />
			<Add library="pthreadGC2" />
			<Add library="freetype" />
			<Add directory="Libs\SDL-1.2.14-MinGW\lib" />
			<Add directory="Libs\agar-1.3.3-mingw32-i386\lib" />
			<Add directory="Libs\FreeType\lib" />
			<Add directory="Libs\fmodapi375win\api\lib" />
			<Add directory="Libs\Pre-built.2\lib" />
			<Add directory="Libs\SDL_image-1.2.10\lib" />
			<Add directory="Libs\SDL_net-1.2.7\lib" />
		</Linker>
		<Unit filename="BindingUdpException.cpp" />
		<Unit filename="BindingUdpException.h" />
		<Unit filename="Centralisateur.cpp" />
		<Unit filename="Centralisateur.h" />
		<Unit filename="CentralisateurException.cpp" />
		<Unit filename="CentralisateurException.h" />
		<Unit filename="CentralisateurState.cpp" />
		<Unit filename="CentralisateurState.h" />
		<Unit filename="Cfg.cpp" />
		<Unit filename="Cfg.h" />
		<Unit filename="ChanTex.cpp" />
		<Unit filename="ChanTex.h" />
		<Unit filename="Clavier.cpp" />
		<Unit filename="Clavier.h" />
		<Unit filename="Client.cpp" />
		<Unit filename="Client.h" />
		<Unit filename="Controller.cpp" />
		<Unit filename="Controller.h" />
		<Unit filename="Copie de menu_textes.h" />
		<Unit filename="Couleurs.h" />
		<Unit filename="CyberPlayer.cpp" />
		<Unit filename="CyberPlayer.h" />
		<Unit filename="Data.cpp" />
		<Unit filename="Data.h" />
		<Unit filename="DeleteWithGame.cpp" />
		<Unit filename="DeleteWithGame.h" />
		<Unit filename="DemonSons.cpp" />
		<Unit filename="DemonSons.h" />
		<Unit filename="Dlg.cpp" />
		<Unit filename="Dlg.h" />
		<Unit filename="DlgBoite.cpp" />
		<Unit filename="DlgBoite.h" />
		<Unit filename="Erreur.cpp" />
		<Unit filename="Erreur.h" />
		<Unit filename="Extensions.h" />
		<Unit filename="Fabrique.cpp" />
		<Unit filename="Fabrique.h" />
		<Unit filename="FichierASE.cpp" />
		<Unit filename="FichierASE.h" />
		<Unit filename="FindFolder.cpp" />
		<Unit filename="FindFolder.h" />
		<Unit filename="Focus.cpp" />
		<Unit filename="Focus.h" />
		<Unit filename="Game.cpp" />
		<Unit filename="Game.h" />
		<Unit filename="GenRef.cpp" />
		<Unit filename="GenRef.h" />
		<Unit filename="Geo.cpp" />
		<Unit filename="Geo.h" />
		<Unit filename="GeoMaker.cpp" />
		<Unit filename="GeoMaker.h" />
		<Unit filename="GeoObject.cpp" />
		<Unit filename="GeoObject.h" />
		<Unit filename="GeoObject.old2.h" />
		<Unit filename="IfstreamMap.cpp" />
		<Unit filename="IfstreamMap.h" />
		<Unit filename="JKT.cpp" />
		<Unit filename="JKT.h" />
		<Unit filename="JktException.cpp" />
		<Unit filename="JktException.h" />
		<Unit filename="JktTinyXml.h" />
		<Unit filename="Laser.cpp" />
		<Unit filename="Laser.h" />
		<Unit filename="Libs\tinyxml_2_5_2\tinystr.cpp" />
		<Unit filename="Libs\tinyxml_2_5_2\tinyxml.cpp" />
		<Unit filename="Libs\tinyxml_2_5_2\tinyxmlerror.cpp" />
		<Unit filename="Libs\tinyxml_2_5_2\tinyxmlparser.cpp" />
		<Unit filename="Light.cpp" />
		<Unit filename="Light.h" />
		<Unit filename="LightMaker.cpp" />
		<Unit filename="LightMaker.h" />
		<Unit filename="LightOmni.cpp" />
		<Unit filename="LightOmni.h" />
		<Unit filename="LightTarget.cpp" />
		<Unit filename="LightTarget.h" />
		<Unit filename="ListData.cpp" />
		<Unit filename="ListData.h" />
		<Unit filename="MAide.h" />
		<Unit filename="MainMenuView.cpp" />
		<Unit filename="MainMenuView.h" />
		<Unit filename="Map.cpp" />
		<Unit filename="Map.h" />
		<Unit filename="Material.cpp" />
		<Unit filename="Material.h" />
		<Unit filename="MaterialMaker.cpp" />
		<Unit filename="MaterialMaker.h" />
		<Unit filename="MaterialMulti.cpp" />
		<Unit filename="MaterialMulti.h" />
		<Unit filename="MaterialTexture.cpp" />
		<Unit filename="MaterialTexture.h" />
		<Unit filename="Menu.cpp" />
		<Unit filename="Menu.h" />
		<Unit filename="Menu\MAide.cpp" />
		<Unit filename="Menu\MAide.h" />
		<Unit filename="Menu\MAudio.cpp" />
		<Unit filename="Menu\MAudio.h" />
		<Unit filename="Menu\MAudioDrivers.cpp" />
		<Unit filename="Menu\MAudioDrivers.h" />
		<Unit filename="Menu\MAudioDriversDriver.cpp" />
		<Unit filename="Menu\MAudioDriversDriver.h" />
		<Unit filename="Menu\MAudioOutput.cpp" />
		<Unit filename="Menu\MAudioOutput.h" />
		<Unit filename="Menu\MAudioRecord.cpp" />
		<Unit filename="Menu\MAudioRecord.h" />
		<Unit filename="Menu\MCommandes.cpp" />
		<Unit filename="Menu\MCommandes.h" />
		<Unit filename="Menu\MConfiguration.cpp" />
		<Unit filename="Menu\MConfiguration.h" />
		<Unit filename="Menu\MDebug.cpp" />
		<Unit filename="Menu\MDebug.h" />
		<Unit filename="Menu\MDisplay.cpp" />
		<Unit filename="Menu\MDisplay.h" />
		<Unit filename="Menu\MDisplaySize.cpp" />
		<Unit filename="Menu\MDisplaySize.h" />
		<Unit filename="Menu\MMenuPrinc.cpp" />
		<Unit filename="Menu\MMenuPrinc.h" />
		<Unit filename="Menu\MMenuPrinc2.cpp" />
		<Unit filename="Menu\MMenuPrinc2.h" />
		<Unit filename="Menu\MMode.cpp" />
		<Unit filename="Menu\MMode.h" />
		<Unit filename="Menu\MMultijoueur.cpp" />
		<Unit filename="Menu\MMultijoueur.h" />
		<Unit filename="Menu\MMultijoueurClientInfo.cpp" />
		<Unit filename="Menu\MMultijoueurClientInfo.h" />
		<Unit filename="Menu\MMultijoueurClientPing.cpp" />
		<Unit filename="Menu\MMultijoueurClientPing.h" />
		<Unit filename="Menu\MMultijoueurServeur.cpp" />
		<Unit filename="Menu\MMultijoueurServeur.h" />
		<Unit filename="Menu\MMultijoueurServeurLancePartie.cpp" />
		<Unit filename="Menu\MMultijoueurServeurLancePartie.h" />
		<Unit filename="Menu\MOpenASE.cpp" />
		<Unit filename="Menu\MOpenASE.h" />
		<Unit filename="Menu\MOpenMAP.cpp" />
		<Unit filename="Menu\MOpenMAP.h" />
		<Unit filename="Menu\MOpenScene.cpp" />
		<Unit filename="Menu\MOpenScene.h" />
		<Unit filename="Menu\MReseau.cpp" />
		<Unit filename="Menu\MReseau.h" />
		<Unit filename="MoteurParticules.cpp" />
		<Unit filename="MoteurParticules.h" />
		<Unit filename="Mouve.cpp" />
		<Unit filename="Mouve.h" />
		<Unit filename="MultiMaterialGeo.cpp" />
		<Unit filename="MultiMaterialGeo.h" />
		<Unit filename="Navette.cpp" />
		<Unit filename="Navette.h" />
		<Unit filename="OpenCentralisateurView.cpp" />
		<Unit filename="OpenCentralisateurView.h" />
		<Unit filename="OpenSceneASEView.cpp" />
		<Unit filename="OpenSceneASEView.h" />
		<Unit filename="OpenSceneMapView.cpp" />
		<Unit filename="OpenSceneMapView.h" />
		<Unit filename="OpenSceneView.cpp" />
		<Unit filename="OpenSceneView.h" />
		<Unit filename="OpenUdpSocketException.cpp" />
		<Unit filename="OpenUdpSocketException.h" />
		<Unit filename="Particule.cpp" />
		<Unit filename="Particule.h" />
		<Unit filename="Photo.cpp" />
		<Unit filename="Photo.h" />
		<Unit filename="Player.cpp" />
		<Unit filename="Player.h" />
		<Unit filename="Portail.cpp" />
		<Unit filename="Portail.h" />
		<Unit filename="Porte.cpp" />
		<Unit filename="Porte.h" />
		<Unit filename="Projectil.cpp" />
		<Unit filename="Projectil.h" />
		<Unit filename="ReqSon.cpp" />
		<Unit filename="ReqSon.h" />
		<Unit filename="RequeteProcess.cpp" />
		<Unit filename="RequeteProcess.h" />
		<Unit filename="Reseau.cpp" />
		<Unit filename="Reseau.h" />
		<Unit filename="RessourcesLoader.cpp" />
		<Unit filename="RessourcesLoader.h" />
		<Unit filename="Rocket.cpp" />
		<Unit filename="Rocket.h" />
		<Unit filename="SPA.cpp" />
		<Unit filename="SPA.h" />
		<Unit filename="Server.cpp" />
		<Unit filename="Server.h" />
		<Unit filename="SignalementData.cpp" />
		<Unit filename="SignalementData.h" />
		<Unit filename="SimpleGeo.cpp" />
		<Unit filename="SimpleGeo.h" />
		<Unit filename="SimpleMaterialGeo.cpp" />
		<Unit filename="SimpleMaterialGeo.h" />
		<Unit filename="Son.cpp" />
		<Unit filename="Son.h" />
		<Unit filename="Tableau.cpp" />
		<Unit filename="Tableau.h" />
		<Unit filename="TableauIndex.cpp" />
		<Unit filename="TableauIndex.h" />
		<Unit filename="TexVertexList.cpp" />
		<Unit filename="TexVertexList.h" />
		<Unit filename="TextureMaterialGeo.cpp" />
		<Unit filename="TextureMaterialGeo.h" />
		<Unit filename="Textures.cpp" />
		<Unit filename="Textures.h" />
		<Unit filename="Trace.cpp" />
		<Unit filename="Trace.h" />
		<Unit filename="TraceMethod.cpp" />
		<Unit filename="TraceMethod.h" />
		<Unit filename="TypeSon.h" />
		<Unit filename="UdpConnector.cpp" />
		<Unit filename="UdpConnector.h" />
		<Unit filename="UdpController.cpp" />
		<Unit filename="UdpController.h" />
		<Unit filename="V3D.cpp" />
		<Unit filename="V3D.h" />
		<Unit filename="View.cpp" />
		<Unit filename="View.h" />
		<Unit filename="Viewer.cpp" />
		<Unit filename="Viewer.h" />
		<Unit filename="XmlHelper.cpp" />
		<Unit filename="XmlHelper.h" />
		<Unit filename="XmlVocabulaire.cpp" />
		<Unit filename="XmlVocabulaire.h" />
		<Unit filename="a_virer.cpp" />
		<Unit filename="audio.cpp" />
		<Unit filename="audio.h" />
		<Unit filename="contact.cpp" />
		<Unit filename="contact.h" />
		<Unit filename="divers.cpp" />
		<Unit filename="divers.h" />
		<Unit filename="enumReseau.h" />
		<Unit filename="glfont2.cpp" />
		<Unit filename="glfont2.h" />
		<Unit filename="ifstreamWork.cpp" />
		<Unit filename="ifstreamWork.h" />
		<Unit filename="mathFast.cpp" />
		<Unit filename="mathFast.h" />
		<Unit filename="math_vectoriel.cpp" />
		<Unit filename="math_vectoriel.h" />
		<Unit filename="resource.h" />
		<Unit filename="utils_SDL.cpp" />
		<Unit filename="utils_SDL.h" />
		<Extensions>
			<code_completion />
			<debugger />
		</Extensions>
	</Project>
</CodeBlocks_project_file>
