
Microsoft Visual Studio Solution File, Format Version 9.00
# Visual Studio 2005
Project("{8BC9CEB8-8B4A-11D0-8D11-00A0C91BC942}") = "tinyXmlTest", "tinyXmlTest.vcproj", "{B1982A43-F747-482D-99F8-4E41C71A9A1E}"
	ProjectSection(ProjectDependencies) = postProject
		{9FD7341D-E55E-4B13-8AD3-D330D4BB4F85} = {9FD7341D-E55E-4B13-8AD3-D330D4BB4F85}
	EndProjectSection
EndProject
Project("{8BC9CEB8-8B4A-11D0-8D11-00A0C91BC942}") = "tinyXmlTestSTL", "tinyXmlTestSTL.vcproj", "{1041DF5B-ADD2-4991-8217-29D325466A2C}"
	ProjectSection(ProjectDependencies) = postProject
		{5D4FAAEA-C734-4C2D-962A-AE4ADFA1B275} = {5D4FAAEA-C734-4C2D-962A-AE4ADFA1B275}
	EndProjectSection
EndProject
Project("{8BC9CEB8-8B4A-11D0-8D11-00A0C91BC942}") = "tinyxml", "tinyxml_lib.vcproj", "{9FD7341D-E55E-4B13-8AD3-D330D4BB4F85}"
EndProject
Project("{8BC9CEB8-8B4A-11D0-8D11-00A0C91BC942}") = "tinyxmlSTL", "tinyxmlSTL.vcproj", "{5D4FAAEA-C734-4C2D-962A-AE4ADFA1B275}"
EndProject
Global
	GlobalSection(SolutionConfigurationPlatforms) = preSolution
		Debug|Win32 = Debug|Win32
		Release|Win32 = Release|Win32
	EndGlobalSection
	GlobalSection(ProjectConfigurationPlatforms) = postSolution
		{B1982A43-F747-482D-99F8-4E41C71A9A1E}.Debug|Win32.ActiveCfg = Debug|Win32
		{B1982A43-F747-482D-99F8-4E41C71A9A1E}.Debug|Win32.Build.0 = Debug|Win32
		{B1982A43-F747-482D-99F8-4E41C71A9A1E}.Release|Win32.ActiveCfg = Release|Win32
		{B1982A43-F747-482D-99F8-4E41C71A9A1E}.Release|Win32.Build.0 = Release|Win32
		{1041DF5B-ADD2-4991-8217-29D325466A2C}.Debug|Win32.ActiveCfg = Debug|Win32
		{1041DF5B-ADD2-4991-8217-29D325466A2C}.Debug|Win32.Build.0 = Debug|Win32
		{1041DF5B-ADD2-4991-8217-29D325466A2C}.Release|Win32.ActiveCfg = Release|Win32
		{1041DF5B-ADD2-4991-8217-29D325466A2C}.Release|Win32.Build.0 = Release|Win32
		{9FD7341D-E55E-4B13-8AD3-D330D4BB4F85}.Debug|Win32.ActiveCfg = Debug|Win32
		{9FD7341D-E55E-4B13-8AD3-D330D4BB4F85}.Debug|Win32.Build.0 = Debug|Win32
		{9FD7341D-E55E-4B13-8AD3-D330D4BB4F85}.Release|Win32.ActiveCfg = Release|Win32
		{9FD7341D-E55E-4B13-8AD3-D330D4BB4F85}.Release|Win32.Build.0 = Release|Win32
		{5D4FAAEA-C734-4C2D-962A-AE4ADFA1B275}.Debug|Win32.ActiveCfg = Debug|Win32
		{5D4FAAEA-C734-4C2D-962A-AE4ADFA1B275}.Debug|Win32.Build.0 = Debug|Win32
		{5D4FAAEA-C734-4C2D-962A-AE4ADFA1B275}.Release|Win32.ActiveCfg = Release|Win32
		{5D4FAAEA-C734-4C2D-962A-AE4ADFA1B275}.Release|Win32.Build.0 = Release|Win32
	EndGlobalSection
	GlobalSection(SolutionProperties) = preSolution
		HideSolutionNode = FALSE
	EndGlobalSection
EndGlobal
